
Microsoft Visual Studio Solution File, Format Version 12.00
# Visual Studio Version 16
VisualStudioVersion = 16.0.31205.134
MinimumVisualStudioVersion = 10.0.40219.1
Project("{F184B08F-C81C-45F6-A57F-5ABD9991F28F}") = "OnlineEmulator", "OnlineEmulator\OnlineEmulator.vbproj", "{11FDE9CE-3C0F-4DBF-80E8-A2A46D17280E}"
EndProject
Project("{F184B08F-C81C-45F6-A57F-5ABD9991F28F}") = "AI_VMx86", "AI_VMx86\AI_VMx86.vbproj", "{24601FC8-50FF-49DB-8A7A-AD8EA8F48D57}"
EndProject
Project("{F184B08F-C81C-45F6-A57F-5ABD9991F28F}") = "AST_Compiler", "PL_Compiler\AST_Compiler.vbproj", "{7CE8FA88-0006-4E78-8CA2-9EDEBA93CBD4}"
EndProject
Project("{F184B08F-C81C-45F6-A57F-5ABD9991F28F}") = "AI_ZX81", "AI_VirtualComputer\AI_ZX81.vbproj", "{F5972C07-0950-4DB3-8734-47F0F80738A8}"
EndProject
Project("{2150E333-8FDC-42A3-9474-1A3956D46DE8}") = "Solution Items", "Solution Items", "{B3F49A18-73AC-4794-992A-7E166B7803EE}"
	ProjectSection(SolutionItems) = preProject
		AstNodes_Diagram.png = AstNodes_Diagram.png
		Scripts\Simple Assembly language.txt = Scripts\Simple Assembly language.txt
	EndProjectSection
EndProject
Project("{F184B08F-C81C-45F6-A57F-5ABD9991F28F}") = "LexParseEval", "LexParseEval\LexParseEval.vbproj", "{AAD6B3A4-2D2A-4EF7-AA67-DDFC62ADC6B9}"
EndProject
Project("{2150E333-8FDC-42A3-9474-1A3956D46DE8}") = "Help", "Help", "{BB11AE54-0861-4C6A-88D7-2EAEB4A02DDB}"
	ProjectSection(SolutionItems) = preProject
		Help\AI_VMx86.chm = Help\AI_VMx86.chm
		Help\AI_ZX81.chm = Help\AI_ZX81.chm
		Help\AST_Compiler.chm = Help\AST_Compiler.chm
		Help\LexParseEval.chm = Help\LexParseEval.chm
		Help\OnlineEmulator.chm = Help\OnlineEmulator.chm
		Help\SpydazWeb AI _Emulators.chm = Help\SpydazWeb AI _Emulators.chm
	EndProjectSection
EndProject
Global
	GlobalSection(SolutionConfigurationPlatforms) = preSolution
		Debug|Any CPU = Debug|Any CPU
		Release|Any CPU = Release|Any CPU
	EndGlobalSection
	GlobalSection(ProjectConfigurationPlatforms) = postSolution
		{11FDE9CE-3C0F-4DBF-80E8-A2A46D17280E}.Debug|Any CPU.ActiveCfg = Debug|Any CPU
		{11FDE9CE-3C0F-4DBF-80E8-A2A46D17280E}.Debug|Any CPU.Build.0 = Debug|Any CPU
		{11FDE9CE-3C0F-4DBF-80E8-A2A46D17280E}.Release|Any CPU.ActiveCfg = Release|Any CPU
		{11FDE9CE-3C0F-4DBF-80E8-A2A46D17280E}.Release|Any CPU.Build.0 = Release|Any CPU
		{24601FC8-50FF-49DB-8A7A-AD8EA8F48D57}.Debug|Any CPU.ActiveCfg = Debug|Any CPU
		{24601FC8-50FF-49DB-8A7A-AD8EA8F48D57}.Debug|Any CPU.Build.0 = Debug|Any CPU
		{24601FC8-50FF-49DB-8A7A-AD8EA8F48D57}.Release|Any CPU.ActiveCfg = Release|Any CPU
		{24601FC8-50FF-49DB-8A7A-AD8EA8F48D57}.Release|Any CPU.Build.0 = Release|Any CPU
		{7CE8FA88-0006-4E78-8CA2-9EDEBA93CBD4}.Debug|Any CPU.ActiveCfg = Debug|Any CPU
		{7CE8FA88-0006-4E78-8CA2-9EDEBA93CBD4}.Debug|Any CPU.Build.0 = Debug|Any CPU
		{7CE8FA88-0006-4E78-8CA2-9EDEBA93CBD4}.Release|Any CPU.ActiveCfg = Release|Any CPU
		{7CE8FA88-0006-4E78-8CA2-9EDEBA93CBD4}.Release|Any CPU.Build.0 = Release|Any CPU
		{F5972C07-0950-4DB3-8734-47F0F80738A8}.Debug|Any CPU.ActiveCfg = Debug|Any CPU
		{F5972C07-0950-4DB3-8734-47F0F80738A8}.Debug|Any CPU.Build.0 = Debug|Any CPU
		{F5972C07-0950-4DB3-8734-47F0F80738A8}.Release|Any CPU.ActiveCfg = Release|Any CPU
		{F5972C07-0950-4DB3-8734-47F0F80738A8}.Release|Any CPU.Build.0 = Release|Any CPU
		{AAD6B3A4-2D2A-4EF7-AA67-DDFC62ADC6B9}.Debug|Any CPU.ActiveCfg = Debug|Any CPU
		{AAD6B3A4-2D2A-4EF7-AA67-DDFC62ADC6B9}.Debug|Any CPU.Build.0 = Debug|Any CPU
		{AAD6B3A4-2D2A-4EF7-AA67-DDFC62ADC6B9}.Release|Any CPU.ActiveCfg = Release|Any CPU
		{AAD6B3A4-2D2A-4EF7-AA67-DDFC62ADC6B9}.Release|Any CPU.Build.0 = Release|Any CPU
	EndGlobalSection
	GlobalSection(SolutionProperties) = preSolution
		HideSolutionNode = FALSE
	EndGlobalSection
	GlobalSection(NestedProjects) = preSolution
		{BB11AE54-0861-4C6A-88D7-2EAEB4A02DDB} = {B3F49A18-73AC-4794-992A-7E166B7803EE}
	EndGlobalSection
	GlobalSection(ExtensibilityGlobals) = postSolution
		SolutionGuid = {5ACFE22B-196E-4FC9-A753-15D31931EA11}
	EndGlobalSection
EndGlobal
